
Microsoft Visual Studio Solution File, Format Version 12.00
# Visual Studio Version 16
VisualStudioVersion = 16.0.30611.23
MinimumVisualStudioVersion = 10.0.40219.1
Project("{FAE04EC0-301F-11D3-BF4B-00C04F79EFBC}") = "MethodsAkkerman", "MethodsAkkerman\MethodsAkkerman.csproj", "{781FAF49-3E15-4688-B24D-A1378473F0D7}"
EndProject
Global
	GlobalSection(SolutionConfigurationPlatforms) = preSolution
		Debug|Any CPU = Debug|Any CPU
		Release|Any CPU = Release|Any CPU
	EndGlobalSection
	GlobalSection(ProjectConfigurationPlatforms) = postSolution
		{781FAF49-3E15-4688-B24D-A1378473F0D7}.Debug|Any CPU.ActiveCfg = Debug|Any CPU
		{781FAF49-3E15-4688-B24D-A1378473F0D7}.Debug|Any CPU.Build.0 = Debug|Any CPU
		{781FAF49-3E15-4688-B24D-A1378473F0D7}.Release|Any CPU.ActiveCfg = Release|Any CPU
		{781FAF49-3E15-4688-B24D-A1378473F0D7}.Release|Any CPU.Build.0 = Release|Any CPU
	EndGlobalSection
	GlobalSection(SolutionProperties) = preSolution
		HideSolutionNode = FALSE
	EndGlobalSection
	GlobalSection(ExtensibilityGlobals) = postSolution
		SolutionGuid = {3B211D80-8AA1-474D-B536-40C0ED324BC6}
	EndGlobalSection
EndGlobal
